// !$*UTF8*$!
{
	archiveVersion = 1;
	classes = {
	};
	objectVersion = 56;
	objects = {

/* Begin PBXBuildFile section */
		09A8524129FFC44D00E8C722 /* Web in Resources */ = {isa = PBXBuildFile; fileRef = 09A8524029FFC44D00E8C722 /* Web */; };
		09D9C2BC2A20F0BD006C2DA4 /* .gitignore in Resources */ = {isa = PBXBuildFile; fileRef = 09D9C2BB2A20F0BD006C2DA4 /* .gitignore */; };
		09DF034C2A12A5F900D4C456 /* WebView.swift in Sources */ = {isa = PBXBuildFile; fileRef = 09DF034B2A12A5F900D4C456 /* WebView.swift */; };
		09DF034E2A12A70F00D4C456 /* InternetWebPage.swift in Sources */ = {isa = PBXBuildFile; fileRef = 09DF034D2A12A70F00D4C456 /* InternetWebPage.swift */; };
		09DF03502A12A75000D4C456 /* LocalWebPage.swift in Sources */ = {isa = PBXBuildFile; fileRef = 09DF034F2A12A75000D4C456 /* LocalWebPage.swift */; };
		09DF03522A12A79400D4C456 /* JavascriptDialogs.swift in Sources */ = {isa = PBXBuildFile; fileRef = 09DF03512A12A79400D4C456 /* JavascriptDialogs.swift */; };
		09DF03542A12A7DA00D4C456 /* MessageFromWebView.swift in Sources */ = {isa = PBXBuildFile; fileRef = 09DF03532A12A7DA00D4C456 /* MessageFromWebView.swift */; };
		09DF03562A12A93500D4C456 /* MessageToWebView.swift in Sources */ = {isa = PBXBuildFile; fileRef = 09DF03552A12A93500D4C456 /* MessageToWebView.swift */; };
		09DF03592A12B57200D4C456 /* WebViewErrors.swift in Sources */ = {isa = PBXBuildFile; fileRef = 09DF03582A12B57200D4C456 /* WebViewErrors.swift */; };
		09DF035B2A12B5F600D4C456 /* SwiftUIWebView.swift in Sources */ = {isa = PBXBuildFile; fileRef = 09DF035A2A12B5F600D4C456 /* SwiftUIWebView.swift */; };
		09DF035D2A12B6E200D4C456 /* JSPanelType.swift in Sources */ = {isa = PBXBuildFile; fileRef = 09DF035C2A12B6E200D4C456 /* JSPanelType.swift */; };
		09DF03602A12B74E00D4C456 /* BaseWebViewVM.swift in Sources */ = {isa = PBXBuildFile; fileRef = 09DF035F2A12B74E00D4C456 /* BaseWebViewVM.swift */; };
		09DF03622A12B7A600D4C456 /* LocalWebViewVM.swift in Sources */ = {isa = PBXBuildFile; fileRef = 09DF03612A12B7A600D4C456 /* LocalWebViewVM.swift */; };
		09F5EC5529FD6C3500BA04F6 /* wkwebview_demoApp.swift in Sources */ = {isa = PBXBuildFile; fileRef = 09F5EC5429FD6C3500BA04F6 /* wkwebview_demoApp.swift */; };
		09F5EC5729FD6C3500BA04F6 /* ContentView.swift in Sources */ = {isa = PBXBuildFile; fileRef = 09F5EC5629FD6C3500BA04F6 /* ContentView.swift */; };
		09F5EC5929FD6C3600BA04F6 /* Assets.xcassets in Resources */ = {isa = PBXBuildFile; fileRef = 09F5EC5829FD6C3600BA04F6 /* Assets.xcassets */; };
		09F5EC5C29FD6C3600BA04F6 /* Preview Assets.xcassets in Resources */ = {isa = PBXBuildFile; fileRef = 09F5EC5B29FD6C3600BA04F6 /* Preview Assets.xcassets */; };
/* End PBXBuildFile section */

/* Begin PBXFileReference section */
		09A8524029FFC44D00E8C722 /* Web */ = {isa = PBXFileReference; lastKnownFileType = folder; path = Web; sourceTree = "<group>"; };
		09D9C2BB2A20F0BD006C2DA4 /* .gitignore */ = {isa = PBXFileReference; lastKnownFileType = text; path = .gitignore; sourceTree = "<group>"; };
		09D9C2BD2A20F0E9006C2DA4 /* README.md */ = {isa = PBXFileReference; lastKnownFileType = net.daringfireball.markdown; path = README.md; sourceTree = "<group>"; };
		09DF034B2A12A5F900D4C456 /* WebView.swift */ = {isa = PBXFileReference; lastKnownFileType = sourcecode.swift; path = WebView.swift; sourceTree = "<group>"; };
		09DF034D2A12A70F00D4C456 /* InternetWebPage.swift */ = {isa = PBXFileReference; lastKnownFileType = sourcecode.swift; path = InternetWebPage.swift; sourceTree = "<group>"; };
		09DF034F2A12A75000D4C456 /* LocalWebPage.swift */ = {isa = PBXFileReference; lastKnownFileType = sourcecode.swift; path = LocalWebPage.swift; sourceTree = "<group>"; };
		09DF03512A12A79400D4C456 /* JavascriptDialogs.swift */ = {isa = PBXFileReference; lastKnownFileType = sourcecode.swift; path = JavascriptDialogs.swift; sourceTree = "<group>"; };
		09DF03532A12A7DA00D4C456 /* MessageFromWebView.swift */ = {isa = PBXFileReference; lastKnownFileType = sourcecode.swift; path = MessageFromWebView.swift; sourceTree = "<group>"; };
		09DF03552A12A93500D4C456 /* MessageToWebView.swift */ = {isa = PBXFileReference; lastKnownFileType = sourcecode.swift; path = MessageToWebView.swift; sourceTree = "<group>"; };
		09DF03582A12B57200D4C456 /* WebViewErrors.swift */ = {isa = PBXFileReference; lastKnownFileType = sourcecode.swift; path = WebViewErrors.swift; sourceTree = "<group>"; };
		09DF035A2A12B5F600D4C456 /* SwiftUIWebView.swift */ = {isa = PBXFileReference; lastKnownFileType = sourcecode.swift; path = SwiftUIWebView.swift; sourceTree = "<group>"; };
		09DF035C2A12B6E200D4C456 /* JSPanelType.swift */ = {isa = PBXFileReference; lastKnownFileType = sourcecode.swift; path = JSPanelType.swift; sourceTree = "<group>"; };
		09DF035F2A12B74E00D4C456 /* BaseWebViewVM.swift */ = {isa = PBXFileReference; lastKnownFileType = sourcecode.swift; path = BaseWebViewVM.swift; sourceTree = "<group>"; };
		09DF03612A12B7A600D4C456 /* LocalWebViewVM.swift */ = {isa = PBXFileReference; lastKnownFileType = sourcecode.swift; path = LocalWebViewVM.swift; sourceTree = "<group>"; };
		09F5EC5129FD6C3500BA04F6 /* wkwebview_demo.app */ = {isa = PBXFileReference; explicitFileType = wrapper.application; includeInIndex = 0; path = wkwebview_demo.app; sourceTree = BUILT_PRODUCTS_DIR; };
		09F5EC5429FD6C3500BA04F6 /* wkwebview_demoApp.swift */ = {isa = PBXFileReference; lastKnownFileType = sourcecode.swift; path = wkwebview_demoApp.swift; sourceTree = "<group>"; };
		09F5EC5629FD6C3500BA04F6 /* ContentView.swift */ = {isa = PBXFileReference; lastKnownFileType = sourcecode.swift; path = ContentView.swift; sourceTree = "<group>"; };
		09F5EC5829FD6C3600BA04F6 /* Assets.xcassets */ = {isa = PBXFileReference; lastKnownFileType = folder.assetcatalog; path = Assets.xcassets; sourceTree = "<group>"; };
		09F5EC5B29FD6C3600BA04F6 /* Preview Assets.xcassets */ = {isa = PBXFileReference; lastKnownFileType = folder.assetcatalog; path = "Preview Assets.xcassets"; sourceTree = "<group>"; };
/* End PBXFileReference section */

/* Begin PBXFrameworksBuildPhase section */
		09F5EC4E29FD6C3500BA04F6 /* Frameworks */ = {
			isa = PBXFrameworksBuildPhase;
			buildActionMask = 2147483647;
			files = (
			);
			runOnlyForDeploymentPostprocessing = 0;
		};
/* End PBXFrameworksBuildPhase section */

/* Begin PBXGroup section */
		09DF03492A12A5B700D4C456 /* Components */ = {
			isa = PBXGroup;
			children = (
				09DF034B2A12A5F900D4C456 /* WebView.swift */,
				09DF035A2A12B5F600D4C456 /* SwiftUIWebView.swift */,
			);
			path = Components;
			sourceTree = "<group>";
		};
		09DF034A2A12A5D000D4C456 /* Sub Views */ = {
			isa = PBXGroup;
			children = (
				09DF034D2A12A70F00D4C456 /* InternetWebPage.swift */,
				09DF034F2A12A75000D4C456 /* LocalWebPage.swift */,
				09DF03512A12A79400D4C456 /* JavascriptDialogs.swift */,
				09DF03532A12A7DA00D4C456 /* MessageFromWebView.swift */,
				09DF03552A12A93500D4C456 /* MessageToWebView.swift */,
			);
			path = "Sub Views";
			sourceTree = "<group>";
		};
		09DF03572A12B52C00D4C456 /* Enums */ = {
			isa = PBXGroup;
			children = (
				09DF03582A12B57200D4C456 /* WebViewErrors.swift */,
				09DF035C2A12B6E200D4C456 /* JSPanelType.swift */,
			);
			path = Enums;
			sourceTree = "<group>";
		};
		09DF035E2A12B71C00D4C456 /* View Models */ = {
			isa = PBXGroup;
			children = (
				09DF035F2A12B74E00D4C456 /* BaseWebViewVM.swift */,
				09DF03612A12B7A600D4C456 /* LocalWebViewVM.swift */,
			);
			path = "View Models";
			sourceTree = "<group>";
		};
		09F5EC4829FD6C3500BA04F6 = {
			isa = PBXGroup;
			children = (
				09D9C2BD2A20F0E9006C2DA4 /* README.md */,
				09D9C2BB2A20F0BD006C2DA4 /* .gitignore */,
				09A8524029FFC44D00E8C722 /* Web */,
				09F5EC5329FD6C3500BA04F6 /* wkwebview_demo */,
				09F5EC5229FD6C3500BA04F6 /* Products */,
			);
			sourceTree = "<group>";
		};
		09F5EC5229FD6C3500BA04F6 /* Products */ = {
			isa = PBXGroup;
			children = (
				09F5EC5129FD6C3500BA04F6 /* wkwebview_demo.app */,
			);
			name = Products;
			sourceTree = "<group>";
		};
		09F5EC5329FD6C3500BA04F6 /* wkwebview_demo */ = {
			isa = PBXGroup;
			children = (
				09DF035E2A12B71C00D4C456 /* View Models */,
				09DF03572A12B52C00D4C456 /* Enums */,
				09DF034A2A12A5D000D4C456 /* Sub Views */,
				09DF03492A12A5B700D4C456 /* Components */,
				09F5EC5429FD6C3500BA04F6 /* wkwebview_demoApp.swift */,
				09F5EC5629FD6C3500BA04F6 /* ContentView.swift */,
				09F5EC5829FD6C3600BA04F6 /* Assets.xcassets */,
				09F5EC5A29FD6C3600BA04F6 /* Preview Content */,
			);
			path = wkwebview_demo;
			sourceTree = "<group>";
		};
		09F5EC5A29FD6C3600BA04F6 /* Preview Content */ = {
			isa = PBXGroup;
			children = (
				09F5EC5B29FD6C3600BA04F6 /* Preview Assets.xcassets */,
			);
			path = "Preview Content";
			sourceTree = "<group>";
		};
/* End PBXGroup section */

/* Begin PBXNativeTarget section */
		09F5EC5029FD6C3500BA04F6 /* wkwebview_demo */ = {
			isa = PBXNativeTarget;
			buildConfigurationList = 09F5EC5F29FD6C3600BA04F6 /* Build configuration list for PBXNativeTarget "wkwebview_demo" */;
			buildPhases = (
				09F5EC4D29FD6C3500BA04F6 /* Sources */,
				09F5EC4E29FD6C3500BA04F6 /* Frameworks */,
				09F5EC4F29FD6C3500BA04F6 /* Resources */,
			);
			buildRules = (
			);
			dependencies = (
			);
			name = wkwebview_demo;
			productName = wkwebview_demo;
			productReference = 09F5EC5129FD6C3500BA04F6 /* wkwebview_demo.app */;
			productType = "com.apple.product-type.application";
		};
/* End PBXNativeTarget section */

/* Begin PBXProject section */
		09F5EC4929FD6C3500BA04F6 /* Project object */ = {
			isa = PBXProject;
			attributes = {
				BuildIndependentTargetsInParallel = 1;
				LastSwiftUpdateCheck = 1430;
				LastUpgradeCheck = 1430;
				TargetAttributes = {
					09F5EC5029FD6C3500BA04F6 = {
						CreatedOnToolsVersion = 14.3;
					};
				};
			};
			buildConfigurationList = 09F5EC4C29FD6C3500BA04F6 /* Build configuration list for PBXProject "wkwebview_demo" */;
			compatibilityVersion = "Xcode 14.0";
			developmentRegion = en;
			hasScannedForEncodings = 0;
			knownRegions = (
				en,
				Base,
			);
			mainGroup = 09F5EC4829FD6C3500BA04F6;
			productRefGroup = 09F5EC5229FD6C3500BA04F6 /* Products */;
			projectDirPath = "";
			projectRoot = "";
			targets = (
				09F5EC5029FD6C3500BA04F6 /* wkwebview_demo */,
			);
		};
/* End PBXProject section */

/* Begin PBXResourcesBuildPhase section */
		09F5EC4F29FD6C3500BA04F6 /* Resources */ = {
			isa = PBXResourcesBuildPhase;
			buildActionMask = 2147483647;
			files = (
				09D9C2BC2A20F0BD006C2DA4 /* .gitignore in Resources */,
				09A8524129FFC44D00E8C722 /* Web in Resources */,
				09F5EC5C29FD6C3600BA04F6 /* Preview Assets.xcassets in Resources */,
				09F5EC5929FD6C3600BA04F6 /* Assets.xcassets in Resources */,
			);
			runOnlyForDeploymentPostprocessing = 0;
		};
/* End PBXResourcesBuildPhase section */

/* Begin PBXSourcesBuildPhase section */
		09F5EC4D29FD6C3500BA04F6 /* Sources */ = {
			isa = PBXSourcesBuildPhase;
			buildActionMask = 2147483647;
			files = (
				09DF03542A12A7DA00D4C456 /* MessageFromWebView.swift in Sources */,
				09DF03522A12A79400D4C456 /* JavascriptDialogs.swift in Sources */,
				09DF03562A12A93500D4C456 /* MessageToWebView.swift in Sources */,
				09DF035B2A12B5F600D4C456 /* SwiftUIWebView.swift in Sources */,
				09DF03592A12B57200D4C456 /* WebViewErrors.swift in Sources */,
				09DF03602A12B74E00D4C456 /* BaseWebViewVM.swift in Sources */,
				09DF03502A12A75000D4C456 /* LocalWebPage.swift in Sources */,
				09DF034E2A12A70F00D4C456 /* InternetWebPage.swift in Sources */,
				09DF034C2A12A5F900D4C456 /* WebView.swift in Sources */,
				09F5EC5729FD6C3500BA04F6 /* ContentView.swift in Sources */,
				09DF03622A12B7A600D4C456 /* LocalWebViewVM.swift in Sources */,
				09DF035D2A12B6E200D4C456 /* JSPanelType.swift in Sources */,
				09F5EC5529FD6C3500BA04F6 /* wkwebview_demoApp.swift in Sources */,
			);
			runOnlyForDeploymentPostprocessing = 0;
		};
/* End PBXSourcesBuildPhase section */

/* Begin XCBuildConfiguration section */
		09F5EC5D29FD6C3600BA04F6 /* Debug */ = {
			isa = XCBuildConfiguration;
			buildSettings = {
				ALWAYS_SEARCH_USER_PATHS = NO;
				CLANG_ANALYZER_NONNULL = YES;
				CLANG_ANALYZER_NUMBER_OBJECT_CONVERSION = YES_AGGRESSIVE;
				CLANG_CXX_LANGUAGE_STANDARD = "gnu++20";
				CLANG_ENABLE_MODULES = YES;
				CLANG_ENABLE_OBJC_ARC = YES;
				CLANG_ENABLE_OBJC_WEAK = YES;
				CLANG_WARN_BLOCK_CAPTURE_AUTORELEASING = YES;
				CLANG_WARN_BOOL_CONVERSION = YES;
				CLANG_WARN_COMMA = YES;
				CLANG_WARN_CONSTANT_CONVERSION = YES;
				CLANG_WARN_DEPRECATED_OBJC_IMPLEMENTATIONS = YES;
				CLANG_WARN_DIRECT_OBJC_ISA_USAGE = YES_ERROR;
				CLANG_WARN_DOCUMENTATION_COMMENTS = YES;
				CLANG_WARN_EMPTY_BODY = YES;
				CLANG_WARN_ENUM_CONVERSION = YES;
				CLANG_WARN_INFINITE_RECURSION = YES;
				CLANG_WARN_INT_CONVERSION = YES;
				CLANG_WARN_NON_LITERAL_NULL_CONVERSION = YES;
				CLANG_WARN_OBJC_IMPLICIT_RETAIN_SELF = YES;
				CLANG_WARN_OBJC_LITERAL_CONVERSION = YES;
				CLANG_WARN_OBJC_ROOT_CLASS = YES_ERROR;
				CLANG_WARN_QUOTED_INCLUDE_IN_FRAMEWORK_HEADER = YES;
				CLANG_WARN_RANGE_LOOP_ANALYSIS = YES;
				CLANG_WARN_STRICT_PROTOTYPES = YES;
				CLANG_WARN_SUSPICIOUS_MOVE = YES;
				CLANG_WARN_UNGUARDED_AVAILABILITY = YES_AGGRESSIVE;
				CLANG_WARN_UNREACHABLE_CODE = YES;
				CLANG_WARN__DUPLICATE_METHOD_MATCH = YES;
				COPY_PHASE_STRIP = NO;
				DEBUG_INFORMATION_FORMAT = dwarf;
				ENABLE_STRICT_OBJC_MSGSEND = YES;
				ENABLE_TESTABILITY = YES;
				GCC_C_LANGUAGE_STANDARD = gnu11;
				GCC_DYNAMIC_NO_PIC = NO;
				GCC_NO_COMMON_BLOCKS = YES;
				GCC_OPTIMIZATION_LEVEL = 0;
				GCC_PREPROCESSOR_DEFINITIONS = (
					"DEBUG=1",
					"$(inherited)",
				);
				GCC_WARN_64_TO_32_BIT_CONVERSION = YES;
				GCC_WARN_ABOUT_RETURN_TYPE = YES_ERROR;
				GCC_WARN_UNDECLARED_SELECTOR = YES;
				GCC_WARN_UNINITIALIZED_AUTOS = YES_AGGRESSIVE;
				GCC_WARN_UNUSED_FUNCTION = YES;
				GCC_WARN_UNUSED_VARIABLE = YES;
				IPHONEOS_DEPLOYMENT_TARGET = 16.4;
				MTL_ENABLE_DEBUG_INFO = INCLUDE_SOURCE;
				MTL_FAST_MATH = YES;
				ONLY_ACTIVE_ARCH = YES;
				SDKROOT = iphoneos;
				SWIFT_ACTIVE_COMPILATION_CONDITIONS = DEBUG;
				SWIFT_OPTIMIZATION_LEVEL = "-Onone";
			};
			name = Debug;
		};
		09F5EC5E29FD6C3600BA04F6 /* Release */ = {
			isa = XCBuildConfiguration;
			buildSettings = {
				ALWAYS_SEARCH_USER_PATHS = NO;
				CLANG_ANALYZER_NONNULL = YES;
				CLANG_ANALYZER_NUMBER_OBJECT_CONVERSION = YES_AGGRESSIVE;
				CLANG_CXX_LANGUAGE_STANDARD = "gnu++20";
				CLANG_ENABLE_MODULES = YES;
				CLANG_ENABLE_OBJC_ARC = YES;
				CLANG_ENABLE_OBJC_WEAK = YES;
				CLANG_WARN_BLOCK_CAPTURE_AUTORELEASING = YES;
				CLANG_WARN_BOOL_CONVERSION = YES;
				CLANG_WARN_COMMA = YES;
				CLANG_WARN_CONSTANT_CONVERSION = YES;
				CLANG_WARN_DEPRECATED_OBJC_IMPLEMENTATIONS = YES;
				CLANG_WARN_DIRECT_OBJC_ISA_USAGE = YES_ERROR;
				CLANG_WARN_DOCUMENTATION_COMMENTS = YES;
				CLANG_WARN_EMPTY_BODY = YES;
				CLANG_WARN_ENUM_CONVERSION = YES;
				CLANG_WARN_INFINITE_RECURSION = YES;
				CLANG_WARN_INT_CONVERSION = YES;
				CLANG_WARN_NON_LITERAL_NULL_CONVERSION = YES;
				CLANG_WARN_OBJC_IMPLICIT_RETAIN_SELF = YES;
				CLANG_WARN_OBJC_LITERAL_CONVERSION = YES;
				CLANG_WARN_OBJC_ROOT_CLASS = YES_ERROR;
				CLANG_WARN_QUOTED_INCLUDE_IN_FRAMEWORK_HEADER = YES;
				CLANG_WARN_RANGE_LOOP_ANALYSIS = YES;
				CLANG_WARN_STRICT_PROTOTYPES = YES;
				CLANG_WARN_SUSPICIOUS_MOVE = YES;
				CLANG_WARN_UNGUARDED_AVAILABILITY = YES_AGGRESSIVE;
				CLANG_WARN_UNREACHABLE_CODE = YES;
				CLANG_WARN__DUPLICATE_METHOD_MATCH = YES;
				COPY_PHASE_STRIP = NO;
				DEBUG_INFORMATION_FORMAT = "dwarf-with-dsym";
				ENABLE_NS_ASSERTIONS = NO;
				ENABLE_STRICT_OBJC_MSGSEND = YES;
				GCC_C_LANGUAGE_STANDARD = gnu11;
				GCC_NO_COMMON_BLOCKS = YES;
				GCC_WARN_64_TO_32_BIT_CONVERSION = YES;
				GCC_WARN_ABOUT_RETURN_TYPE = YES_ERROR;
				GCC_WARN_UNDECLARED_SELECTOR = YES;
				GCC_WARN_UNINITIALIZED_AUTOS = YES_AGGRESSIVE;
				GCC_WARN_UNUSED_FUNCTION = YES;
				GCC_WARN_UNUSED_VARIABLE = YES;
				IPHONEOS_DEPLOYMENT_TARGET = 16.4;
				MTL_ENABLE_DEBUG_INFO = NO;
				MTL_FAST_MATH = YES;
				SDKROOT = iphoneos;
				SWIFT_COMPILATION_MODE = wholemodule;
				SWIFT_OPTIMIZATION_LEVEL = "-O";
				VALIDATE_PRODUCT = YES;
			};
			name = Release;
		};
		09F5EC6029FD6C3600BA04F6 /* Debug */ = {
			isa = XCBuildConfiguration;
			buildSettings = {
				ASSETCATALOG_COMPILER_APPICON_NAME = AppIcon;
				ASSETCATALOG_COMPILER_GLOBAL_ACCENT_COLOR_NAME = AccentColor;
				CODE_SIGN_IDENTITY = "Apple Development";
				CODE_SIGN_STYLE = Automatic;
				CURRENT_PROJECT_VERSION = 1;
				DEVELOPMENT_ASSET_PATHS = "\"wkwebview_demo/Preview Content\"";
				DEVELOPMENT_TEAM = 97CR7ZJSU6;
				ENABLE_PREVIEWS = YES;
				GENERATE_INFOPLIST_FILE = YES;
				GENERATE_PROFILING_CODE = NO;
				INFOPLIST_KEY_UIApplicationSceneManifest_Generation = YES;
				INFOPLIST_KEY_UIApplicationSupportsIndirectInputEvents = YES;
				INFOPLIST_KEY_UILaunchScreen_Generation = YES;
				INFOPLIST_KEY_UISupportedInterfaceOrientations_iPad = "UIInterfaceOrientationPortrait UIInterfaceOrientationPortraitUpsideDown UIInterfaceOrientationLandscapeLeft UIInterfaceOrientationLandscapeRight";
				INFOPLIST_KEY_UISupportedInterfaceOrientations_iPhone = "UIInterfaceOrientationPortrait UIInterfaceOrientationLandscapeLeft UIInterfaceOrientationLandscapeRight";
				LD_RUNPATH_SEARCH_PATHS = (
					"$(inherited)",
					"@executable_path/Frameworks",
				);
				MARKETING_VERSION = 1.0;
				PRODUCT_BUNDLE_IDENTIFIER = "com.nobody.wkwebview-demo";
				PRODUCT_NAME = "$(TARGET_NAME)";
				SWIFT_EMIT_LOC_STRINGS = YES;
				SWIFT_VERSION = 5.0;
				TARGETED_DEVICE_FAMILY = "1,2";
			};
			name = Debug;
		};
		09F5EC6129FD6C3600BA04F6 /* Release */ = {
			isa = XCBuildConfiguration;
			buildSettings = {
				ASSETCATALOG_COMPILER_APPICON_NAME = AppIcon;
				ASSETCATALOG_COMPILER_GLOBAL_ACCENT_COLOR_NAME = AccentColor;
				CODE_SIGN_IDENTITY = "Apple Development";
				CODE_SIGN_STYLE = Automatic;
				CURRENT_PROJECT_VERSION = 1;
				DEVELOPMENT_ASSET_PATHS = "\"wkwebview_demo/Preview Content\"";
				DEVELOPMENT_TEAM = 97CR7ZJSU6;
				ENABLE_PREVIEWS = YES;
				GENERATE_INFOPLIST_FILE = YES;
				GENERATE_PROFILING_CODE = NO;
				INFOPLIST_KEY_UIApplicationSceneManifest_Generation = YES;
				INFOPLIST_KEY_UIApplicationSupportsIndirectInputEvents = YES;
				INFOPLIST_KEY_UILaunchScreen_Generation = YES;
				INFOPLIST_KEY_UISupportedInterfaceOrientations_iPad = "UIInterfaceOrientationPortrait UIInterfaceOrientationPortraitUpsideDown UIInterfaceOrientationLandscapeLeft UIInterfaceOrientationLandscapeRight";
				INFOPLIST_KEY_UISupportedInterfaceOrientations_iPhone = "UIInterfaceOrientationPortrait UIInterfaceOrientationLandscapeLeft UIInterfaceOrientationLandscapeRight";
				LD_RUNPATH_SEARCH_PATHS = (
					"$(inherited)",
					"@executable_path/Frameworks",
				);
				MARKETING_VERSION = 1.0;
				PRODUCT_BUNDLE_IDENTIFIER = "com.nobody.wkwebview-demo";
				PRODUCT_NAME = "$(TARGET_NAME)";
				SWIFT_EMIT_LOC_STRINGS = YES;
				SWIFT_VERSION = 5.0;
				TARGETED_DEVICE_FAMILY = "1,2";
			};
			name = Release;
		};
/* End XCBuildConfiguration section */

/* Begin XCConfigurationList section */
		09F5EC4C29FD6C3500BA04F6 /* Build configuration list for PBXProject "wkwebview_demo" */ = {
			isa = XCConfigurationList;
			buildConfigurations = (
				09F5EC5D29FD6C3600BA04F6 /* Debug */,
				09F5EC5E29FD6C3600BA04F6 /* Release */,
			);
			defaultConfigurationIsVisible = 0;
			defaultConfigurationName = Release;
		};
		09F5EC5F29FD6C3600BA04F6 /* Build configuration list for PBXNativeTarget "wkwebview_demo" */ = {
			isa = XCConfigurationList;
			buildConfigurations = (
				09F5EC6029FD6C3600BA04F6 /* Debug */,
				09F5EC6129FD6C3600BA04F6 /* Release */,
			);
			defaultConfigurationIsVisible = 0;
			defaultConfigurationName = Release;
		};
/* End XCConfigurationList section */
	};
	rootObject = 09F5EC4929FD6C3500BA04F6 /* Project object */;
}
